
Microsoft Visual Studio Solution File, Format Version 12.00
# Visual Studio Version 16
VisualStudioVersion = 16.0.29424.173
MinimumVisualStudioVersion = 10.0.40219.1
Project("{FAE04EC0-301F-11D3-BF4B-00C04F79EFBC}") = "Contacts", "Contacts\Contacts.csproj", "{505FA396-E0CB-49BC-8FF5-1A653A2157FC}"
EndProject
Global
	GlobalSection(SolutionConfigurationPlatforms) = preSolution
		Debug|Any CPU = Debug|Any CPU
		Release|Any CPU = Release|Any CPU
	EndGlobalSection
	GlobalSection(ProjectConfigurationPlatforms) = postSolution
		{505FA396-E0CB-49BC-8FF5-1A653A2157FC}.Debug|Any CPU.ActiveCfg = Debug|Any CPU
		{505FA396-E0CB-49BC-8FF5-1A653A2157FC}.Debug|Any CPU.Build.0 = Debug|Any CPU
		{505FA396-E0CB-49BC-8FF5-1A653A2157FC}.Release|Any CPU.ActiveCfg = Release|Any CPU
		{505FA396-E0CB-49BC-8FF5-1A653A2157FC}.Release|Any CPU.Build.0 = Release|Any CPU
	EndGlobalSection
	GlobalSection(SolutionProperties) = preSolution
		HideSolutionNode = FALSE
	EndGlobalSection
	GlobalSection(ExtensibilityGlobals) = postSolution
		SolutionGuid = {B714AE5B-82B5-4646-B2C1-F991C8AE786E}
	EndGlobalSection
EndGlobal
